
Microsoft Visual Studio Solution File, Format Version 12.00
Project("{FAE04EC0-301F-11D3-BF4B-00C04F79EFBC}") = "EyeAnimation", "EyeAnimation\EyeAnimation.csproj", "{57CF7F0F-9C76-4B4F-B8CF-30186736D40D}"
EndProject
Global
	GlobalSection(SolutionConfigurationPlatforms) = preSolution
		Debug|Any CPU = Debug|Any CPU
		Release|Any CPU = Release|Any CPU
	EndGlobalSection
	GlobalSection(ProjectConfigurationPlatforms) = postSolution
		{57CF7F0F-9C76-4B4F-B8CF-30186736D40D}.Debug|Any CPU.ActiveCfg = Debug|Any CPU
		{57CF7F0F-9C76-4B4F-B8CF-30186736D40D}.Debug|Any CPU.Build.0 = Debug|Any CPU
		{57CF7F0F-9C76-4B4F-B8CF-30186736D40D}.Release|Any CPU.ActiveCfg = Release|Any CPU
		{57CF7F0F-9C76-4B4F-B8CF-30186736D40D}.Release|Any CPU.Build.0 = Release|Any CPU
	EndGlobalSection
EndGlobal
